
Microsoft Visual Studio Solution File, Format Version 12.00
# Visual Studio Version 17
VisualStudioVersion = 17.5.33209.295
MinimumVisualStudioVersion = 10.0.40219.1
Project("{FAE04EC0-301F-11D3-BF4B-00C04F79EFBC}") = "Uqs.Customer", "Uqs.Customer\Uqs.Customer.csproj", "{378611E9-4FDD-4EFA-A71D-1ECB46215DEE}"
EndProject
Project("{FAE04EC0-301F-11D3-BF4B-00C04F79EFBC}") = "Uqs.Customer.Tests.Unit", "Uqs.Customer.Tests.Unit\Uqs.Customer.Tests.Unit.csproj", "{540EDC92-B8D6-40E2-BA5E-42FFC0E079FA}"
EndProject
Global
	GlobalSection(SolutionConfigurationPlatforms) = preSolution
		Debug|Any CPU = Debug|Any CPU
		Release|Any CPU = Release|Any CPU
	EndGlobalSection
	GlobalSection(ProjectConfigurationPlatforms) = postSolution
		{378611E9-4FDD-4EFA-A71D-1ECB46215DEE}.Debug|Any CPU.ActiveCfg = Debug|Any CPU
		{378611E9-4FDD-4EFA-A71D-1ECB46215DEE}.Debug|Any CPU.Build.0 = Debug|Any CPU
		{378611E9-4FDD-4EFA-A71D-1ECB46215DEE}.Release|Any CPU.ActiveCfg = Release|Any CPU
		{378611E9-4FDD-4EFA-A71D-1ECB46215DEE}.Release|Any CPU.Build.0 = Release|Any CPU
		{540EDC92-B8D6-40E2-BA5E-42FFC0E079FA}.Debug|Any CPU.ActiveCfg = Debug|Any CPU
		{540EDC92-B8D6-40E2-BA5E-42FFC0E079FA}.Debug|Any CPU.Build.0 = Debug|Any CPU
		{540EDC92-B8D6-40E2-BA5E-42FFC0E079FA}.Release|Any CPU.ActiveCfg = Release|Any CPU
		{540EDC92-B8D6-40E2-BA5E-42FFC0E079FA}.Release|Any CPU.Build.0 = Release|Any CPU
	EndGlobalSection
	GlobalSection(SolutionProperties) = preSolution
		HideSolutionNode = FALSE
	EndGlobalSection
	GlobalSection(ExtensibilityGlobals) = postSolution
		SolutionGuid = {19299518-E556-4872-A074-A1F45AEEA050}
	EndGlobalSection
EndGlobal
